{
  "name": "hypixel-w-l-twitch",
  "version": "1.0.0",
  "lockfileVersion": 1,
  "requires": true,
  "dependencies": {
    "fs": {
      "version": "0.0.1-security",
      "resolved": "https://registry.npmjs.org/fs/-/fs-0.0.1-security.tgz",
      "integrity": "sha1-invTcYa23d84E/I4WLV+yq9eQdQ="
    },
    "https": {
      "version": "1.0.0",
      "resolved": "https://registry.npmjs.org/https/-/https-1.0.0.tgz",
      "integrity": "sha1-PDfHrhqO65ZpBKKtHpdaGUt+06Q="
    },
    "twitch-m3u8": {
      "version": "1.1.4",
      "resolved": "https://registry.npmjs.org/twitch-m3u8/-/twitch-m3u8-1.1.4.tgz",
      "integrity": "sha512-rusdPU7/BO9z2SK2NbEWMrF6ZlvGHeQuVtLNzwPSA2X/oQG8xgMyMuBHk5WqVrK0sxn6n6m3/tVBl+d9Orekfw=="
    }
  }
}
